
Microsoft Visual Studio Solution File, Format Version 12.00
# Visual Studio Version 16
VisualStudioVersion = 16.0.30804.86
MinimumVisualStudioVersion = 10.0.40219.1
Project("{FAE04EC0-301F-11D3-BF4B-00C04F79EFBC}") = "Exercicio-URI-1113", "Exercicio-URI-1113\Exercicio-URI-1113.csproj", "{028B02F0-81B2-42FE-A02E-E4083ACFF4D6}"
EndProject
Global
	GlobalSection(SolutionConfigurationPlatforms) = preSolution
		Debug|Any CPU = Debug|Any CPU
		Release|Any CPU = Release|Any CPU
	EndGlobalSection
	GlobalSection(ProjectConfigurationPlatforms) = postSolution
		{028B02F0-81B2-42FE-A02E-E4083ACFF4D6}.Debug|Any CPU.ActiveCfg = Debug|Any CPU
		{028B02F0-81B2-42FE-A02E-E4083ACFF4D6}.Debug|Any CPU.Build.0 = Debug|Any CPU
		{028B02F0-81B2-42FE-A02E-E4083ACFF4D6}.Release|Any CPU.ActiveCfg = Release|Any CPU
		{028B02F0-81B2-42FE-A02E-E4083ACFF4D6}.Release|Any CPU.Build.0 = Release|Any CPU
	EndGlobalSection
	GlobalSection(SolutionProperties) = preSolution
		HideSolutionNode = FALSE
	EndGlobalSection
	GlobalSection(ExtensibilityGlobals) = postSolution
		SolutionGuid = {39E4DB35-CB30-4AF7-97FA-43365FEA1801}
	EndGlobalSection
EndGlobal
