
Microsoft Visual Studio Solution File, Format Version 12.00
# Visual Studio Version 16
VisualStudioVersion = 16.0.30804.86
MinimumVisualStudioVersion = 10.0.40219.1
Project("{FAE04EC0-301F-11D3-BF4B-00C04F79EFBC}") = "exercicios-URI44", "exercicios-URI44\exercicios-URI44.csproj", "{AD42C3D3-DBA0-48D8-8504-B73D23ABBC0D}"
EndProject
Global
	GlobalSection(SolutionConfigurationPlatforms) = preSolution
		Debug|Any CPU = Debug|Any CPU
		Release|Any CPU = Release|Any CPU
	EndGlobalSection
	GlobalSection(ProjectConfigurationPlatforms) = postSolution
		{AD42C3D3-DBA0-48D8-8504-B73D23ABBC0D}.Debug|Any CPU.ActiveCfg = Debug|Any CPU
		{AD42C3D3-DBA0-48D8-8504-B73D23ABBC0D}.Debug|Any CPU.Build.0 = Debug|Any CPU
		{AD42C3D3-DBA0-48D8-8504-B73D23ABBC0D}.Release|Any CPU.ActiveCfg = Release|Any CPU
		{AD42C3D3-DBA0-48D8-8504-B73D23ABBC0D}.Release|Any CPU.Build.0 = Release|Any CPU
	EndGlobalSection
	GlobalSection(SolutionProperties) = preSolution
		HideSolutionNode = FALSE
	EndGlobalSection
	GlobalSection(ExtensibilityGlobals) = postSolution
		SolutionGuid = {D6D6EC0D-7AA1-4FDB-B78B-85643F27E60B}
	EndGlobalSection
EndGlobal
