
Microsoft Visual Studio Solution File, Format Version 12.00
# Visual Studio Version 16
VisualStudioVersion = 16.0.30804.86
MinimumVisualStudioVersion = 10.0.40219.1
Project("{FAE04EC0-301F-11D3-BF4B-00C04F79EFBC}") = "Exercicios-propostos-1", "Exercicios-propostos-1\Exercicios-propostos-1.csproj", "{B7EE8547-CA19-415E-83B6-99F8FACA4A3E}"
EndProject
Global
	GlobalSection(SolutionConfigurationPlatforms) = preSolution
		Debug|Any CPU = Debug|Any CPU
		Release|Any CPU = Release|Any CPU
	EndGlobalSection
	GlobalSection(ProjectConfigurationPlatforms) = postSolution
		{B7EE8547-CA19-415E-83B6-99F8FACA4A3E}.Debug|Any CPU.ActiveCfg = Debug|Any CPU
		{B7EE8547-CA19-415E-83B6-99F8FACA4A3E}.Debug|Any CPU.Build.0 = Debug|Any CPU
		{B7EE8547-CA19-415E-83B6-99F8FACA4A3E}.Release|Any CPU.ActiveCfg = Release|Any CPU
		{B7EE8547-CA19-415E-83B6-99F8FACA4A3E}.Release|Any CPU.Build.0 = Release|Any CPU
	EndGlobalSection
	GlobalSection(SolutionProperties) = preSolution
		HideSolutionNode = FALSE
	EndGlobalSection
	GlobalSection(ExtensibilityGlobals) = postSolution
		SolutionGuid = {6BDDE4C2-8611-4CB2-950C-497BA070C240}
	EndGlobalSection
EndGlobal
