
Microsoft Visual Studio Solution File, Format Version 12.00
# Visual Studio Version 16
VisualStudioVersion = 16.0.30804.86
MinimumVisualStudioVersion = 10.0.40219.1
Project("{FAE04EC0-301F-11D3-BF4B-00C04F79EFBC}") = "URI-1078", "URI-1078\URI-1078.csproj", "{F5A4FD82-47B3-4620-8F70-EAD5E760A096}"
EndProject
Global
	GlobalSection(SolutionConfigurationPlatforms) = preSolution
		Debug|Any CPU = Debug|Any CPU
		Release|Any CPU = Release|Any CPU
	EndGlobalSection
	GlobalSection(ProjectConfigurationPlatforms) = postSolution
		{F5A4FD82-47B3-4620-8F70-EAD5E760A096}.Debug|Any CPU.ActiveCfg = Debug|Any CPU
		{F5A4FD82-47B3-4620-8F70-EAD5E760A096}.Debug|Any CPU.Build.0 = Debug|Any CPU
		{F5A4FD82-47B3-4620-8F70-EAD5E760A096}.Release|Any CPU.ActiveCfg = Release|Any CPU
		{F5A4FD82-47B3-4620-8F70-EAD5E760A096}.Release|Any CPU.Build.0 = Release|Any CPU
	EndGlobalSection
	GlobalSection(SolutionProperties) = preSolution
		HideSolutionNode = FALSE
	EndGlobalSection
	GlobalSection(ExtensibilityGlobals) = postSolution
		SolutionGuid = {FEBAE00A-ADC9-4A63-8AED-8980D290550F}
	EndGlobalSection
EndGlobal
