
Microsoft Visual Studio Solution File, Format Version 12.00
# Visual Studio Version 16
VisualStudioVersion = 16.0.30804.86
MinimumVisualStudioVersion = 10.0.40219.1
Project("{FAE04EC0-301F-11D3-BF4B-00C04F79EFBC}") = "Exercicio-proposto6", "Exercicio-proposto6\Exercicio-proposto6.csproj", "{C105BCE4-90B0-45FC-90CB-FF8474135906}"
EndProject
Global
	GlobalSection(SolutionConfigurationPlatforms) = preSolution
		Debug|Any CPU = Debug|Any CPU
		Release|Any CPU = Release|Any CPU
	EndGlobalSection
	GlobalSection(ProjectConfigurationPlatforms) = postSolution
		{C105BCE4-90B0-45FC-90CB-FF8474135906}.Debug|Any CPU.ActiveCfg = Debug|Any CPU
		{C105BCE4-90B0-45FC-90CB-FF8474135906}.Debug|Any CPU.Build.0 = Debug|Any CPU
		{C105BCE4-90B0-45FC-90CB-FF8474135906}.Release|Any CPU.ActiveCfg = Release|Any CPU
		{C105BCE4-90B0-45FC-90CB-FF8474135906}.Release|Any CPU.Build.0 = Release|Any CPU
	EndGlobalSection
	GlobalSection(SolutionProperties) = preSolution
		HideSolutionNode = FALSE
	EndGlobalSection
	GlobalSection(ExtensibilityGlobals) = postSolution
		SolutionGuid = {667A8CD3-8CB2-4B4D-A4BC-23F7F1FAA579}
	EndGlobalSection
EndGlobal
