
Microsoft Visual Studio Solution File, Format Version 12.00
# Visual Studio Version 16
VisualStudioVersion = 16.0.30804.86
MinimumVisualStudioVersion = 10.0.40219.1
Project("{FAE04EC0-301F-11D3-BF4B-00C04F79EFBC}") = "Exercicio-proposto4", "Exercicio-proposto4\Exercicio-proposto4.csproj", "{CDB8BD64-9F58-48DD-8901-73B18821970C}"
EndProject
Global
	GlobalSection(SolutionConfigurationPlatforms) = preSolution
		Debug|Any CPU = Debug|Any CPU
		Release|Any CPU = Release|Any CPU
	EndGlobalSection
	GlobalSection(ProjectConfigurationPlatforms) = postSolution
		{CDB8BD64-9F58-48DD-8901-73B18821970C}.Debug|Any CPU.ActiveCfg = Debug|Any CPU
		{CDB8BD64-9F58-48DD-8901-73B18821970C}.Debug|Any CPU.Build.0 = Debug|Any CPU
		{CDB8BD64-9F58-48DD-8901-73B18821970C}.Release|Any CPU.ActiveCfg = Release|Any CPU
		{CDB8BD64-9F58-48DD-8901-73B18821970C}.Release|Any CPU.Build.0 = Release|Any CPU
	EndGlobalSection
	GlobalSection(SolutionProperties) = preSolution
		HideSolutionNode = FALSE
	EndGlobalSection
	GlobalSection(ExtensibilityGlobals) = postSolution
		SolutionGuid = {1F7211C3-50E7-47E4-BD5B-5E737FEBB0B7}
	EndGlobalSection
EndGlobal
