
Microsoft Visual Studio Solution File, Format Version 12.00
# Visual Studio Version 16
VisualStudioVersion = 16.0.30804.86
MinimumVisualStudioVersion = 10.0.40219.1
Project("{FAE04EC0-301F-11D3-BF4B-00C04F79EFBC}") = "Exercicio-Proposto-parte2", "Exercicio-Proposto-parte2\Exercicio-Proposto-parte2.csproj", "{C0EE1B59-5F8C-40BE-B188-E9A52AC4ED34}"
EndProject
Global
	GlobalSection(SolutionConfigurationPlatforms) = preSolution
		Debug|Any CPU = Debug|Any CPU
		Release|Any CPU = Release|Any CPU
	EndGlobalSection
	GlobalSection(ProjectConfigurationPlatforms) = postSolution
		{C0EE1B59-5F8C-40BE-B188-E9A52AC4ED34}.Debug|Any CPU.ActiveCfg = Debug|Any CPU
		{C0EE1B59-5F8C-40BE-B188-E9A52AC4ED34}.Debug|Any CPU.Build.0 = Debug|Any CPU
		{C0EE1B59-5F8C-40BE-B188-E9A52AC4ED34}.Release|Any CPU.ActiveCfg = Release|Any CPU
		{C0EE1B59-5F8C-40BE-B188-E9A52AC4ED34}.Release|Any CPU.Build.0 = Release|Any CPU
	EndGlobalSection
	GlobalSection(SolutionProperties) = preSolution
		HideSolutionNode = FALSE
	EndGlobalSection
	GlobalSection(ExtensibilityGlobals) = postSolution
		SolutionGuid = {B9C4C21F-E7B4-4708-9921-31CC4327AF1B}
	EndGlobalSection
EndGlobal
