
Microsoft Visual Studio Solution File, Format Version 12.00
# Visual Studio Version 16
VisualStudioVersion = 16.0.30804.86
MinimumVisualStudioVersion = 10.0.40219.1
Project("{FAE04EC0-301F-11D3-BF4B-00C04F79EFBC}") = "Exercicio_proposto_matrizes3", "Exercicio_proposto_matrizes3\Exercicio_proposto_matrizes3.csproj", "{4608C973-A2FF-4B9B-B002-8F7A70047FC5}"
EndProject
Global
	GlobalSection(SolutionConfigurationPlatforms) = preSolution
		Debug|Any CPU = Debug|Any CPU
		Release|Any CPU = Release|Any CPU
	EndGlobalSection
	GlobalSection(ProjectConfigurationPlatforms) = postSolution
		{4608C973-A2FF-4B9B-B002-8F7A70047FC5}.Debug|Any CPU.ActiveCfg = Debug|Any CPU
		{4608C973-A2FF-4B9B-B002-8F7A70047FC5}.Debug|Any CPU.Build.0 = Debug|Any CPU
		{4608C973-A2FF-4B9B-B002-8F7A70047FC5}.Release|Any CPU.ActiveCfg = Release|Any CPU
		{4608C973-A2FF-4B9B-B002-8F7A70047FC5}.Release|Any CPU.Build.0 = Release|Any CPU
	EndGlobalSection
	GlobalSection(SolutionProperties) = preSolution
		HideSolutionNode = FALSE
	EndGlobalSection
	GlobalSection(ExtensibilityGlobals) = postSolution
		SolutionGuid = {5C18AA0E-2B49-450F-93F8-FD59328AD114}
	EndGlobalSection
EndGlobal
