
Microsoft Visual Studio Solution File, Format Version 12.00
# Visual Studio Version 16
VisualStudioVersion = 16.0.30804.86
MinimumVisualStudioVersion = 10.0.40219.1
Project("{FAE04EC0-301F-11D3-BF4B-00C04F79EFBC}") = "Teste-io-2", "Teste-io-2\Teste-io-2.csproj", "{29861EC5-77F2-4FA0-8A1C-6DA02391BACC}"
EndProject
Global
	GlobalSection(SolutionConfigurationPlatforms) = preSolution
		Debug|Any CPU = Debug|Any CPU
		Release|Any CPU = Release|Any CPU
	EndGlobalSection
	GlobalSection(ProjectConfigurationPlatforms) = postSolution
		{29861EC5-77F2-4FA0-8A1C-6DA02391BACC}.Debug|Any CPU.ActiveCfg = Debug|Any CPU
		{29861EC5-77F2-4FA0-8A1C-6DA02391BACC}.Debug|Any CPU.Build.0 = Debug|Any CPU
		{29861EC5-77F2-4FA0-8A1C-6DA02391BACC}.Release|Any CPU.ActiveCfg = Release|Any CPU
		{29861EC5-77F2-4FA0-8A1C-6DA02391BACC}.Release|Any CPU.Build.0 = Release|Any CPU
	EndGlobalSection
	GlobalSection(SolutionProperties) = preSolution
		HideSolutionNode = FALSE
	EndGlobalSection
	GlobalSection(ExtensibilityGlobals) = postSolution
		SolutionGuid = {D89450EE-760C-4211-BEC8-A906FD65C6E2}
	EndGlobalSection
EndGlobal
