
Microsoft Visual Studio Solution File, Format Version 12.00
# Visual Studio Version 16
VisualStudioVersion = 16.0.30804.86
MinimumVisualStudioVersion = 10.0.40219.1
Project("{FAE04EC0-301F-11D3-BF4B-00C04F79EFBC}") = "exercicio-resolvido", "exercicio-resolvido\exercicio-resolvido.csproj", "{5DCD7C3F-6BF4-42DA-9FAD-F5C750375B85}"
EndProject
Global
	GlobalSection(SolutionConfigurationPlatforms) = preSolution
		Debug|Any CPU = Debug|Any CPU
		Release|Any CPU = Release|Any CPU
	EndGlobalSection
	GlobalSection(ProjectConfigurationPlatforms) = postSolution
		{5DCD7C3F-6BF4-42DA-9FAD-F5C750375B85}.Debug|Any CPU.ActiveCfg = Debug|Any CPU
		{5DCD7C3F-6BF4-42DA-9FAD-F5C750375B85}.Debug|Any CPU.Build.0 = Debug|Any CPU
		{5DCD7C3F-6BF4-42DA-9FAD-F5C750375B85}.Release|Any CPU.ActiveCfg = Release|Any CPU
		{5DCD7C3F-6BF4-42DA-9FAD-F5C750375B85}.Release|Any CPU.Build.0 = Release|Any CPU
	EndGlobalSection
	GlobalSection(SolutionProperties) = preSolution
		HideSolutionNode = FALSE
	EndGlobalSection
	GlobalSection(ExtensibilityGlobals) = postSolution
		SolutionGuid = {6BC67A33-6741-4BD6-BA29-8DAF9420F5E0}
	EndGlobalSection
EndGlobal
